
Microsoft Visual Studio Solution File, Format Version 12.00
# Visual Studio Version 17
VisualStudioVersion = 17.5.33530.505
MinimumVisualStudioVersion = 10.0.40219.1
Project("{FAE04EC0-301F-11D3-BF4B-00C04F79EFBC}") = "PruebatecnicaNASA_JJH", "PruebatecnicaNASA_JJH\PruebatecnicaNASA_JJH.csproj", "{FF758476-E492-4124-8279-9B57F33964CD}"
EndProject
Global
	GlobalSection(SolutionConfigurationPlatforms) = preSolution
		Debug|Any CPU = Debug|Any CPU
		Release|Any CPU = Release|Any CPU
	EndGlobalSection
	GlobalSection(ProjectConfigurationPlatforms) = postSolution
		{FF758476-E492-4124-8279-9B57F33964CD}.Debug|Any CPU.ActiveCfg = Debug|Any CPU
		{FF758476-E492-4124-8279-9B57F33964CD}.Debug|Any CPU.Build.0 = Debug|Any CPU
		{FF758476-E492-4124-8279-9B57F33964CD}.Release|Any CPU.ActiveCfg = Release|Any CPU
		{FF758476-E492-4124-8279-9B57F33964CD}.Release|Any CPU.Build.0 = Release|Any CPU
	EndGlobalSection
	GlobalSection(SolutionProperties) = preSolution
		HideSolutionNode = FALSE
	EndGlobalSection
	GlobalSection(ExtensibilityGlobals) = postSolution
		SolutionGuid = {B2C2AE5E-73C8-405D-9417-F53D40DF3F8C}
	EndGlobalSection
EndGlobal
